
Microsoft Visual Studio Solution File, Format Version 12.00
# Visual Studio Version 17
VisualStudioVersion = 17.3.32804.467
MinimumVisualStudioVersion = 10.0.40219.1
Project("{FAE04EC0-301F-11D3-BF4B-00C04F79EFBC}") = "Walmart_OMS", "Walmart_OMS.csproj", "{6BD21D3D-BEC1-4682-A7F0-2618469FA91B}"
EndProject
Global
	GlobalSection(SolutionConfigurationPlatforms) = preSolution
		Debug|Any CPU = Debug|Any CPU
		Release|Any CPU = Release|Any CPU
	EndGlobalSection
	GlobalSection(ProjectConfigurationPlatforms) = postSolution
		{6BD21D3D-BEC1-4682-A7F0-2618469FA91B}.Debug|Any CPU.ActiveCfg = Debug|Any CPU
		{6BD21D3D-BEC1-4682-A7F0-2618469FA91B}.Debug|Any CPU.Build.0 = Debug|Any CPU
		{6BD21D3D-BEC1-4682-A7F0-2618469FA91B}.Release|Any CPU.ActiveCfg = Release|Any CPU
		{6BD21D3D-BEC1-4682-A7F0-2618469FA91B}.Release|Any CPU.Build.0 = Release|Any CPU
	EndGlobalSection
	GlobalSection(SolutionProperties) = preSolution
		HideSolutionNode = FALSE
	EndGlobalSection
	GlobalSection(ExtensibilityGlobals) = postSolution
		SolutionGuid = {423BCE20-BDBF-47F9-A185-8D4CFF6F5301}
	EndGlobalSection
EndGlobal
